PODS:
  - MastodonKit (2.0.0)

DEPENDENCIES:
  - MastodonKit (from `https://github.com/MastodonKit/MastodonKit.git`, branch `master`)

EXTERNAL SOURCES:
  MastodonKit:
    :branch: master
    :git: https://github.com/MastodonKit/MastodonKit.git

CHECKOUT OPTIONS:
  MastodonKit:
    :commit: 6df5dba74344a3abe4b793c15ebf141a4d516e2d
    :git: https://github.com/MastodonKit/MastodonKit.git

SPEC CHECKSUMS:
  MastodonKit: 3bc591ea7e626dd160711f9a10cd50f192e46ed3

PODFILE CHECKSUM: 76b9a78d0e7e67a8c9dda27a0ca75b1367235710

COCOAPODS: 1.5.3
