PODS:
  - Atributika (4.6.5)
  - MastodonKit (2.0.0)

DEPENDENCIES:
  - Atributika
  - MastodonKit (from `https://github.com/MastodonKit/MastodonKit.git`, branch `master`)

SPEC REPOS:
  https://github.com/cocoapods/specs.git:
    - Atributika

EXTERNAL SOURCES:
  MastodonKit:
    :branch: master
    :git: https://github.com/MastodonKit/MastodonKit.git

CHECKOUT OPTIONS:
  MastodonKit:
    :commit: 6df5dba74344a3abe4b793c15ebf141a4d516e2d
    :git: https://github.com/MastodonKit/MastodonKit.git

SPEC CHECKSUMS:
  Atributika: f15e4c0003b34d5c6be92080f0ad6fecbe2c5c2f
  MastodonKit: 3bc591ea7e626dd160711f9a10cd50f192e46ed3

PODFILE CHECKSUM: 373cd0f428fc4aea72928d62fe6a1456d678e59d

COCOAPODS: 1.5.3
