// !$*UTF8*$!
{
	archiveVersion = 1;
	classes = {
	};
	objectVersion = 50;
	objects = {

/* Begin PBXBuildFile section */
		890553B037E04B6046F2C434 /* Pods_MactodonTests.framework in Frameworks */ = {isa = PBXBuildFile; fileRef = AFC16C8188156D2EDA484A6E /* Pods_MactodonTests.framework */; };
		AFF1EFFF418F9F793C2A2C5E /* Pods_Mactodon.framework in Frameworks */ = {isa = PBXBuildFile; fileRef = A97F4E829C779078BD9C8F94 /* Pods_Mactodon.framework */; };
		BB1747F2212769970015E3A8 /* AppDelegate.swift in Sources */ = {isa = PBXBuildFile; fileRef = BB1747F1212769970015E3A8 /* AppDelegate.swift */; };
		BB1747F4212769970015E3A8 /* InstanceViewController.swift in Sources */ = {isa = PBXBuildFile; fileRef = BB1747F3212769970015E3A8 /* InstanceViewController.swift */; };
		BB1747F6212769990015E3A8 /* Assets.xcassets in Resources */ = {isa = PBXBuildFile; fileRef = BB1747F5212769990015E3A8 /* Assets.xcassets */; };
		BB1747F9212769990015E3A8 /* Main.storyboard in Resources */ = {isa = PBXBuildFile; fileRef = BB1747F7212769990015E3A8 /* Main.storyboard */; };
		BB17481021278B3F0015E3A8 /* LoginViewController.swift in Sources */ = {isa = PBXBuildFile; fileRef = BB17480F21278B3F0015E3A8 /* LoginViewController.swift */; };
		BB88F7F8217ED8EE00B2F662 /* Promise.swift in Sources */ = {isa = PBXBuildFile; fileRef = BB88F7F7217ED8EE00B2F662 /* Promise.swift */; };
		BB88F7FB217F93A900B2F662 /* ValuePromise.swift in Sources */ = {isa = PBXBuildFile; fileRef = BB88F7FA217F93A900B2F662 /* ValuePromise.swift */; };
		BB88F7FD217F93BD00B2F662 /* PromiseTests.swift in Sources */ = {isa = PBXBuildFile; fileRef = BB88F7FC217F93BD00B2F662 /* PromiseTests.swift */; };
		BB88F7FF217F950800B2F662 /* ValuePromiseTests.swift in Sources */ = {isa = PBXBuildFile; fileRef = BB88F7FE217F950800B2F662 /* ValuePromiseTests.swift */; };
		BB88F803217FA6E000B2F662 /* TokenController.swift in Sources */ = {isa = PBXBuildFile; fileRef = BB88F802217FA6E000B2F662 /* TokenController.swift */; };
		BB88F805217FDFD800B2F662 /* Settings.swift in Sources */ = {isa = PBXBuildFile; fileRef = BB88F804217FDFD800B2F662 /* Settings.swift */; };
		BB9C8DE9217E53E800669E31 /* Keychain+MastodonKit.swift in Sources */ = {isa = PBXBuildFile; fileRef = BB9C8DE8217E53E800669E31 /* Keychain+MastodonKit.swift */; };
		BB9C8DED217E6E7600669E31 /* Keychain.swift in Sources */ = {isa = PBXBuildFile; fileRef = BB9C8DEC217E6E7600669E31 /* Keychain.swift */; };
		BB9C8DEF217E7B0000669E31 /* URLComponents+Helper.swift in Sources */ = {isa = PBXBuildFile; fileRef = BB9C8DEE217E7B0000669E31 /* URLComponents+Helper.swift */; };
		BBCD39BF21603528007675E3 /* Client.swift in Sources */ = {isa = PBXBuildFile; fileRef = BBCD39BE21603528007675E3 /* Client.swift */; };
/* End PBXBuildFile section */

/* Begin PBXContainerItemProxy section */
		BB174801212769990015E3A8 /* PBXContainerItemProxy */ = {
			isa = PBXContainerItemProxy;
			containerPortal = BB1747E6212769970015E3A8 /* Project object */;
			proxyType = 1;
			remoteGlobalIDString = BB1747ED212769970015E3A8;
			remoteInfo = Mactodon;
		};
/* End PBXContainerItemProxy section */

/* Begin PBXFileReference section */
		30AE5CBE9F8F80CFBBBB87EC /* Pods-Mactodon.debug.xcconfig */ = {isa = PBXFileReference; includeInIndex = 1; lastKnownFileType = text.xcconfig; name = "Pods-Mactodon.debug.xcconfig"; path = "Pods/Target Support Files/Pods-Mactodon/Pods-Mactodon.debug.xcconfig"; sourceTree = "<group>"; };
		4D7167C4FE7089E037D1CCB0 /* Pods-Mactodon.release.xcconfig */ = {isa = PBXFileReference; includeInIndex = 1; lastKnownFileType = text.xcconfig; name = "Pods-Mactodon.release.xcconfig"; path = "Pods/Target Support Files/Pods-Mactodon/Pods-Mactodon.release.xcconfig"; sourceTree = "<group>"; };
		803D02693F008DC4C454A224 /* Pods-MactodonTests.release.xcconfig */ = {isa = PBXFileReference; includeInIndex = 1; lastKnownFileType = text.xcconfig; name = "Pods-MactodonTests.release.xcconfig"; path = "Pods/Target Support Files/Pods-MactodonTests/Pods-MactodonTests.release.xcconfig"; sourceTree = "<group>"; };
		A97F4E829C779078BD9C8F94 /* Pods_Mactodon.framework */ = {isa = PBXFileReference; explicitFileType = wrapper.framework; includeInIndex = 0; path = Pods_Mactodon.framework; sourceTree = BUILT_PRODUCTS_DIR; };
		AFC16C8188156D2EDA484A6E /* Pods_MactodonTests.framework */ = {isa = PBXFileReference; explicitFileType = wrapper.framework; includeInIndex = 0; path = Pods_MactodonTests.framework; sourceTree = BUILT_PRODUCTS_DIR; };
		BB1747EE212769970015E3A8 /* Mactodon.app */ = {isa = PBXFileReference; explicitFileType = wrapper.application; includeInIndex = 0; path = Mactodon.app; sourceTree = BUILT_PRODUCTS_DIR; };
		BB1747F1212769970015E3A8 /* AppDelegate.swift */ = {isa = PBXFileReference; lastKnownFileType = sourcecode.swift; path = AppDelegate.swift; sourceTree = "<group>"; };
		BB1747F3212769970015E3A8 /* InstanceViewController.swift */ = {isa = PBXFileReference; lastKnownFileType = sourcecode.swift; path = InstanceViewController.swift; sourceTree = "<group>"; };
		BB1747F5212769990015E3A8 /* Assets.xcassets */ = {isa = PBXFileReference; lastKnownFileType = folder.assetcatalog; path = Assets.xcassets; sourceTree = "<group>"; };
		BB1747F8212769990015E3A8 /* Base */ = {isa = PBXFileReference; lastKnownFileType = file.storyboard; name = Base; path = Base.lproj/Main.storyboard; sourceTree = "<group>"; };
		BB1747FA212769990015E3A8 /* Info.plist */ = {isa = PBXFileReference; lastKnownFileType = text.plist.xml; path = Info.plist; sourceTree = "<group>"; };
		BB1747FB212769990015E3A8 /* Mactodon.entitlements */ = {isa = PBXFileReference; lastKnownFileType = text.plist.entitlements; path = Mactodon.entitlements; sourceTree = "<group>"; };
		BB174800212769990015E3A8 /* MactodonTests.xctest */ = {isa = PBXFileReference; explicitFileType = wrapper.cfbundle; includeInIndex = 0; path = MactodonTests.xctest; sourceTree = BUILT_PRODUCTS_DIR; };
		BB174806212769990015E3A8 /* Info.plist */ = {isa = PBXFileReference; lastKnownFileType = text.plist.xml; path = Info.plist; sourceTree = "<group>"; };
		BB17480F21278B3F0015E3A8 /* LoginViewController.swift */ = {isa = PBXFileReference; lastKnownFileType = sourcecode.swift; path = LoginViewController.swift; sourceTree = "<group>"; };
		BB88F7F7217ED8EE00B2F662 /* Promise.swift */ = {isa = PBXFileReference; lastKnownFileType = sourcecode.swift; path = Promise.swift; sourceTree = "<group>"; };
		BB88F7FA217F93A900B2F662 /* ValuePromise.swift */ = {isa = PBXFileReference; lastKnownFileType = sourcecode.swift; path = ValuePromise.swift; sourceTree = "<group>"; };
		BB88F7FC217F93BD00B2F662 /* PromiseTests.swift */ = {isa = PBXFileReference; fileEncoding = 4; lastKnownFileType = sourcecode.swift; path = PromiseTests.swift; sourceTree = "<group>"; };
		BB88F7FE217F950800B2F662 /* ValuePromiseTests.swift */ = {isa = PBXFileReference; lastKnownFileType = sourcecode.swift; path = ValuePromiseTests.swift; sourceTree = "<group>"; };
		BB88F802217FA6E000B2F662 /* TokenController.swift */ = {isa = PBXFileReference; lastKnownFileType = sourcecode.swift; path = TokenController.swift; sourceTree = "<group>"; };
		BB88F804217FDFD800B2F662 /* Settings.swift */ = {isa = PBXFileReference; lastKnownFileType = sourcecode.swift; path = Settings.swift; sourceTree = "<group>"; };
		BB9C8DE8217E53E800669E31 /* Keychain+MastodonKit.swift */ = {isa = PBXFileReference; lastKnownFileType = sourcecode.swift; path = "Keychain+MastodonKit.swift"; sourceTree = "<group>"; };
		BB9C8DEC217E6E7600669E31 /* Keychain.swift */ = {isa = PBXFileReference; fileEncoding = 4; lastKnownFileType = sourcecode.swift; path = Keychain.swift; sourceTree = "<group>"; };
		BB9C8DEE217E7B0000669E31 /* URLComponents+Helper.swift */ = {isa = PBXFileReference; lastKnownFileType = sourcecode.swift; path = "URLComponents+Helper.swift"; sourceTree = "<group>"; };
		BBCD39BE21603528007675E3 /* Client.swift */ = {isa = PBXFileReference; lastKnownFileType = sourcecode.swift; path = Client.swift; sourceTree = "<group>"; };
		E4D0A8DD2D8407898418A770 /* Pods-MactodonTests.debug.xcconfig */ = {isa = PBXFileReference; includeInIndex = 1; lastKnownFileType = text.xcconfig; name = "Pods-MactodonTests.debug.xcconfig"; path = "Pods/Target Support Files/Pods-MactodonTests/Pods-MactodonTests.debug.xcconfig"; sourceTree = "<group>"; };
/* End PBXFileReference section */

/* Begin PBXFrameworksBuildPhase section */
		BB1747EB212769970015E3A8 /* Frameworks */ = {
			isa = PBXFrameworksBuildPhase;
			buildActionMask = 2147483647;
			files = (
				AFF1EFFF418F9F793C2A2C5E /* Pods_Mactodon.framework in Frameworks */,
			);
			runOnlyForDeploymentPostprocessing = 0;
		};
		BB1747FD212769990015E3A8 /* Frameworks */ = {
			isa = PBXFrameworksBuildPhase;
			buildActionMask = 2147483647;
			files = (
				890553B037E04B6046F2C434 /* Pods_MactodonTests.framework in Frameworks */,
			);
			runOnlyForDeploymentPostprocessing = 0;
		};
/* End PBXFrameworksBuildPhase section */

/* Begin PBXGroup section */
		30925EA09FC640B6BF8F8B1C /* Pods */ = {
			isa = PBXGroup;
			children = (
				30AE5CBE9F8F80CFBBBB87EC /* Pods-Mactodon.debug.xcconfig */,
				4D7167C4FE7089E037D1CCB0 /* Pods-Mactodon.release.xcconfig */,
				E4D0A8DD2D8407898418A770 /* Pods-MactodonTests.debug.xcconfig */,
				803D02693F008DC4C454A224 /* Pods-MactodonTests.release.xcconfig */,
			);
			name = Pods;
			sourceTree = "<group>";
		};
		435E9F53E867D927540A727C /* Frameworks */ = {
			isa = PBXGroup;
			children = (
				A97F4E829C779078BD9C8F94 /* Pods_Mactodon.framework */,
				AFC16C8188156D2EDA484A6E /* Pods_MactodonTests.framework */,
			);
			name = Frameworks;
			sourceTree = "<group>";
		};
		BB1747E5212769970015E3A8 = {
			isa = PBXGroup;
			children = (
				BB1747F0212769970015E3A8 /* Mactodon */,
				BB174803212769990015E3A8 /* MactodonTests */,
				BB1747EF212769970015E3A8 /* Products */,
				30925EA09FC640B6BF8F8B1C /* Pods */,
				435E9F53E867D927540A727C /* Frameworks */,
			);
			sourceTree = "<group>";
		};
		BB1747EF212769970015E3A8 /* Products */ = {
			isa = PBXGroup;
			children = (
				BB1747EE212769970015E3A8 /* Mactodon.app */,
				BB174800212769990015E3A8 /* MactodonTests.xctest */,
			);
			name = Products;
			sourceTree = "<group>";
		};
		BB1747F0212769970015E3A8 /* Mactodon */ = {
			isa = PBXGroup;
			children = (
				BBCD39BB216008BC007675E3 /* Mastodon */,
				BB1747F1212769970015E3A8 /* AppDelegate.swift */,
				BB1747F3212769970015E3A8 /* InstanceViewController.swift */,
				BB1747F5212769990015E3A8 /* Assets.xcassets */,
				BB1747F7212769990015E3A8 /* Main.storyboard */,
				BB1747FA212769990015E3A8 /* Info.plist */,
				BB1747FB212769990015E3A8 /* Mactodon.entitlements */,
				BB17480F21278B3F0015E3A8 /* LoginViewController.swift */,
				BB9C8DEC217E6E7600669E31 /* Keychain.swift */,
				BB9C8DE8217E53E800669E31 /* Keychain+MastodonKit.swift */,
				BB88F7F9217F913C00B2F662 /* Promise */,
				BB9C8DEE217E7B0000669E31 /* URLComponents+Helper.swift */,
				BB88F804217FDFD800B2F662 /* Settings.swift */,
			);
			path = Mactodon;
			sourceTree = "<group>";
		};
		BB174803212769990015E3A8 /* MactodonTests */ = {
			isa = PBXGroup;
			children = (
				BB88F7FC217F93BD00B2F662 /* PromiseTests.swift */,
				BB174806212769990015E3A8 /* Info.plist */,
				BB88F7FE217F950800B2F662 /* ValuePromiseTests.swift */,
			);
			path = MactodonTests;
			sourceTree = "<group>";
		};
		BB88F7F9217F913C00B2F662 /* Promise */ = {
			isa = PBXGroup;
			children = (
				BB88F7F7217ED8EE00B2F662 /* Promise.swift */,
				BB88F7FA217F93A900B2F662 /* ValuePromise.swift */,
			);
			name = Promise;
			sourceTree = "<group>";
		};
		BBCD39BB216008BC007675E3 /* Mastodon */ = {
			isa = PBXGroup;
			children = (
				BBCD39BE21603528007675E3 /* Client.swift */,
				BB88F802217FA6E000B2F662 /* TokenController.swift */,
			);
			path = Mastodon;
			sourceTree = "<group>";
		};
/* End PBXGroup section */

/* Begin PBXNativeTarget section */
		BB1747ED212769970015E3A8 /* Mactodon */ = {
			isa = PBXNativeTarget;
			buildConfigurationList = BB174809212769990015E3A8 /* Build configuration list for PBXNativeTarget "Mactodon" */;
			buildPhases = (
				17E160525B69FB7581FB54FF /* [CP] Check Pods Manifest.lock */,
				BB1747EA212769970015E3A8 /* Sources */,
				BB1747EB212769970015E3A8 /* Frameworks */,
				BB1747EC212769970015E3A8 /* Resources */,
				D080E6E201184FF7EE533699 /* [CP] Embed Pods Frameworks */,
			);
			buildRules = (
			);
			dependencies = (
			);
			name = Mactodon;
			productName = Mactodon;
			productReference = BB1747EE212769970015E3A8 /* Mactodon.app */;
			productType = "com.apple.product-type.application";
		};
		BB1747FF212769990015E3A8 /* MactodonTests */ = {
			isa = PBXNativeTarget;
			buildConfigurationList = BB17480C212769990015E3A8 /* Build configuration list for PBXNativeTarget "MactodonTests" */;
			buildPhases = (
				65F56B8AFE3AD28F92D4FF17 /* [CP] Check Pods Manifest.lock */,
				BB1747FC212769990015E3A8 /* Sources */,
				BB1747FD212769990015E3A8 /* Frameworks */,
				BB1747FE212769990015E3A8 /* Resources */,
			);
			buildRules = (
			);
			dependencies = (
				BB174802212769990015E3A8 /* PBXTargetDependency */,
			);
			name = MactodonTests;
			productName = MactodonTests;
			productReference = BB174800212769990015E3A8 /* MactodonTests.xctest */;
			productType = "com.apple.product-type.bundle.unit-test";
		};
/* End PBXNativeTarget section */

/* Begin PBXProject section */
		BB1747E6212769970015E3A8 /* Project object */ = {
			isa = PBXProject;
			attributes = {
				LastSwiftUpdateCheck = 1000;
				LastUpgradeCheck = 1000;
				ORGANIZATIONNAME = "Max von Webel";
				TargetAttributes = {
					BB1747ED212769970015E3A8 = {
						CreatedOnToolsVersion = 10.0;
					};
					BB1747FF212769990015E3A8 = {
						CreatedOnToolsVersion = 10.0;
						TestTargetID = BB1747ED212769970015E3A8;
					};
				};
			};
			buildConfigurationList = BB1747E9212769970015E3A8 /* Build configuration list for PBXProject "Mactodon" */;
			compatibilityVersion = "Xcode 9.3";
			developmentRegion = en;
			hasScannedForEncodings = 0;
			knownRegions = (
				en,
				Base,
			);
			mainGroup = BB1747E5212769970015E3A8;
			productRefGroup = BB1747EF212769970015E3A8 /* Products */;
			projectDirPath = "";
			projectRoot = "";
			targets = (
				BB1747ED212769970015E3A8 /* Mactodon */,
				BB1747FF212769990015E3A8 /* MactodonTests */,
			);
		};
/* End PBXProject section */

/* Begin PBXResourcesBuildPhase section */
		BB1747EC212769970015E3A8 /* Resources */ = {
			isa = PBXResourcesBuildPhase;
			buildActionMask = 2147483647;
			files = (
				BB1747F6212769990015E3A8 /* Assets.xcassets in Resources */,
				BB1747F9212769990015E3A8 /* Main.storyboard in Resources */,
			);
			runOnlyForDeploymentPostprocessing = 0;
		};
		BB1747FE212769990015E3A8 /* Resources */ = {
			isa = PBXResourcesBuildPhase;
			buildActionMask = 2147483647;
			files = (
			);
			runOnlyForDeploymentPostprocessing = 0;
		};
/* End PBXResourcesBuildPhase section */

/* Begin PBXShellScriptBuildPhase section */
		17E160525B69FB7581FB54FF /* [CP] Check Pods Manifest.lock */ = {
			isa = PBXShellScriptBuildPhase;
			buildActionMask = 2147483647;
			files = (
			);
			inputPaths = (
				"${PODS_PODFILE_DIR_PATH}/Podfile.lock",
				"${PODS_ROOT}/Manifest.lock",
			);
			name = "[CP] Check Pods Manifest.lock";
			outputPaths = (
				"$(DERIVED_FILE_DIR)/Pods-Mactodon-checkManifestLockResult.txt",
			);
			runOnlyForDeploymentPostprocessing = 0;
			shellPath = /bin/sh;
			shellScript = "diff \"${PODS_PODFILE_DIR_PATH}/Podfile.lock\" \"${PODS_ROOT}/Manifest.lock\" > /dev/null\nif [ $? != 0 ] ; then\n    # print error to STDERR\n    echo \"error: The sandbox is not in sync with the Podfile.lock. Run 'pod install' or update your CocoaPods installation.\" >&2\n    exit 1\nfi\n# This output is used by Xcode 'outputs' to avoid re-running this script phase.\necho \"SUCCESS\" > \"${SCRIPT_OUTPUT_FILE_0}\"\n";
			showEnvVarsInLog = 0;
		};
		65F56B8AFE3AD28F92D4FF17 /* [CP] Check Pods Manifest.lock */ = {
			isa = PBXShellScriptBuildPhase;
			buildActionMask = 2147483647;
			files = (
			);
			inputPaths = (
				"${PODS_PODFILE_DIR_PATH}/Podfile.lock",
				"${PODS_ROOT}/Manifest.lock",
			);
			name = "[CP] Check Pods Manifest.lock";
			outputPaths = (
				"$(DERIVED_FILE_DIR)/Pods-MactodonTests-checkManifestLockResult.txt",
			);
			runOnlyForDeploymentPostprocessing = 0;
			shellPath = /bin/sh;
			shellScript = "diff \"${PODS_PODFILE_DIR_PATH}/Podfile.lock\" \"${PODS_ROOT}/Manifest.lock\" > /dev/null\nif [ $? != 0 ] ; then\n    # print error to STDERR\n    echo \"error: The sandbox is not in sync with the Podfile.lock. Run 'pod install' or update your CocoaPods installation.\" >&2\n    exit 1\nfi\n# This output is used by Xcode 'outputs' to avoid re-running this script phase.\necho \"SUCCESS\" > \"${SCRIPT_OUTPUT_FILE_0}\"\n";
			showEnvVarsInLog = 0;
		};
		D080E6E201184FF7EE533699 /* [CP] Embed Pods Frameworks */ = {
			isa = PBXShellScriptBuildPhase;
			buildActionMask = 2147483647;
			files = (
			);
			inputPaths = (
				"${SRCROOT}/Pods/Target Support Files/Pods-Mactodon/Pods-Mactodon-frameworks.sh",
				"${BUILT_PRODUCTS_DIR}/MastodonKit/MastodonKit.framework",
			);
			name = "[CP] Embed Pods Frameworks";
			outputPaths = (
				"${TARGET_BUILD_DIR}/${FRAMEWORKS_FOLDER_PATH}/MastodonKit.framework",
			);
			runOnlyForDeploymentPostprocessing = 0;
			shellPath = /bin/sh;
			shellScript = "\"${SRCROOT}/Pods/Target Support Files/Pods-Mactodon/Pods-Mactodon-frameworks.sh\"\n";
			showEnvVarsInLog = 0;
		};
/* End PBXShellScriptBuildPhase section */

/* Begin PBXSourcesBuildPhase section */
		BB1747EA212769970015E3A8 /* Sources */ = {
			isa = PBXSourcesBuildPhase;
			buildActionMask = 2147483647;
			files = (
				BB9C8DEF217E7B0000669E31 /* URLComponents+Helper.swift in Sources */,
				BB17481021278B3F0015E3A8 /* LoginViewController.swift in Sources */,
				BB9C8DE9217E53E800669E31 /* Keychain+MastodonKit.swift in Sources */,
				BBCD39BF21603528007675E3 /* Client.swift in Sources */,
				BB88F7FB217F93A900B2F662 /* ValuePromise.swift in Sources */,
				BB88F7F8217ED8EE00B2F662 /* Promise.swift in Sources */,
				BB88F803217FA6E000B2F662 /* TokenController.swift in Sources */,
				BB9C8DED217E6E7600669E31 /* Keychain.swift in Sources */,
				BB1747F4212769970015E3A8 /* InstanceViewController.swift in Sources */,
				BB88F805217FDFD800B2F662 /* Settings.swift in Sources */,
				BB1747F2212769970015E3A8 /* AppDelegate.swift in Sources */,
			);
			runOnlyForDeploymentPostprocessing = 0;
		};
		BB1747FC212769990015E3A8 /* Sources */ = {
			isa = PBXSourcesBuildPhase;
			buildActionMask = 2147483647;
			files = (
				BB88F7FD217F93BD00B2F662 /* PromiseTests.swift in Sources */,
				BB88F7FF217F950800B2F662 /* ValuePromiseTests.swift in Sources */,
			);
			runOnlyForDeploymentPostprocessing = 0;
		};
/* End PBXSourcesBuildPhase section */

/* Begin PBXTargetDependency section */
		BB174802212769990015E3A8 /* PBXTargetDependency */ = {
			isa = PBXTargetDependency;
			target = BB1747ED212769970015E3A8 /* Mactodon */;
			targetProxy = BB174801212769990015E3A8 /* PBXContainerItemProxy */;
		};
/* End PBXTargetDependency section */

/* Begin PBXVariantGroup section */
		BB1747F7212769990015E3A8 /* Main.storyboard */ = {
			isa = PBXVariantGroup;
			children = (
				BB1747F8212769990015E3A8 /* Base */,
			);
			name = Main.storyboard;
			sourceTree = "<group>";
		};
/* End PBXVariantGroup section */

/* Begin XCBuildConfiguration section */
		BB174807212769990015E3A8 /* Debug */ = {
			isa = XCBuildConfiguration;
			buildSettings = {
				ALWAYS_SEARCH_USER_PATHS = NO;
				CLANG_ANALYZER_NONNULL = YES;
				CLANG_ANALYZER_NUMBER_OBJECT_CONVERSION = YES_AGGRESSIVE;
				CLANG_CXX_LANGUAGE_STANDARD = "gnu++14";
				CLANG_CXX_LIBRARY = "libc++";
				CLANG_ENABLE_MODULES = YES;
				CLANG_ENABLE_OBJC_ARC = YES;
				CLANG_ENABLE_OBJC_WEAK = YES;
				CLANG_WARN_BLOCK_CAPTURE_AUTORELEASING = YES;
				CLANG_WARN_BOOL_CONVERSION = YES;
				CLANG_WARN_COMMA = YES;
				CLANG_WARN_CONSTANT_CONVERSION = YES;
				CLANG_WARN_DEPRECATED_OBJC_IMPLEMENTATIONS = YES;
				CLANG_WARN_DIRECT_OBJC_ISA_USAGE = YES_ERROR;
				CLANG_WARN_DOCUMENTATION_COMMENTS = YES;
				CLANG_WARN_EMPTY_BODY = YES;
				CLANG_WARN_ENUM_CONVERSION = YES;
				CLANG_WARN_INFINITE_RECURSION = YES;
				CLANG_WARN_INT_CONVERSION = YES;
				CLANG_WARN_NON_LITERAL_NULL_CONVERSION = YES;
				CLANG_WARN_OBJC_IMPLICIT_RETAIN_SELF = YES;
				CLANG_WARN_OBJC_LITERAL_CONVERSION = YES;
				CLANG_WARN_OBJC_ROOT_CLASS = YES_ERROR;
				CLANG_WARN_RANGE_LOOP_ANALYSIS = YES;
				CLANG_WARN_STRICT_PROTOTYPES = YES;
				CLANG_WARN_SUSPICIOUS_MOVE = YES;
				CLANG_WARN_UNGUARDED_AVAILABILITY = YES_AGGRESSIVE;
				CLANG_WARN_UNREACHABLE_CODE = YES;
				CLANG_WARN__DUPLICATE_METHOD_MATCH = YES;
				CODE_SIGN_IDENTITY = "Mac Developer";
				COPY_PHASE_STRIP = NO;
				DEBUG_INFORMATION_FORMAT = dwarf;
				ENABLE_STRICT_OBJC_MSGSEND = YES;
				ENABLE_TESTABILITY = YES;
				GCC_C_LANGUAGE_STANDARD = gnu11;
				GCC_DYNAMIC_NO_PIC = NO;
				GCC_NO_COMMON_BLOCKS = YES;
				GCC_OPTIMIZATION_LEVEL = 0;
				GCC_PREPROCESSOR_DEFINITIONS = (
					"DEBUG=1",
					"$(inherited)",
				);
				GCC_WARN_64_TO_32_BIT_CONVERSION = YES;
				GCC_WARN_ABOUT_RETURN_TYPE = YES_ERROR;
				GCC_WARN_UNDECLARED_SELECTOR = YES;
				GCC_WARN_UNINITIALIZED_AUTOS = YES_AGGRESSIVE;
				GCC_WARN_UNUSED_FUNCTION = YES;
				GCC_WARN_UNUSED_VARIABLE = YES;
				MACOSX_DEPLOYMENT_TARGET = 10.14;
				MTL_ENABLE_DEBUG_INFO = INCLUDE_SOURCE;
				MTL_FAST_MATH = YES;
				ONLY_ACTIVE_ARCH = YES;
				SDKROOT = macosx;
				SWIFT_ACTIVE_COMPILATION_CONDITIONS = DEBUG;
				SWIFT_OPTIMIZATION_LEVEL = "-Onone";
			};
			name = Debug;
		};
		BB174808212769990015E3A8 /* Release */ = {
			isa = XCBuildConfiguration;
			buildSettings = {
				ALWAYS_SEARCH_USER_PATHS = NO;
				CLANG_ANALYZER_NONNULL = YES;
				CLANG_ANALYZER_NUMBER_OBJECT_CONVERSION = YES_AGGRESSIVE;
				CLANG_CXX_LANGUAGE_STANDARD = "gnu++14";
				CLANG_CXX_LIBRARY = "libc++";
				CLANG_ENABLE_MODULES = YES;
				CLANG_ENABLE_OBJC_ARC = YES;
				CLANG_ENABLE_OBJC_WEAK = YES;
				CLANG_WARN_BLOCK_CAPTURE_AUTORELEASING = YES;
				CLANG_WARN_BOOL_CONVERSION = YES;
				CLANG_WARN_COMMA = YES;
				CLANG_WARN_CONSTANT_CONVERSION = YES;
				CLANG_WARN_DEPRECATED_OBJC_IMPLEMENTATIONS = YES;
				CLANG_WARN_DIRECT_OBJC_ISA_USAGE = YES_ERROR;
				CLANG_WARN_DOCUMENTATION_COMMENTS = YES;
				CLANG_WARN_EMPTY_BODY = YES;
				CLANG_WARN_ENUM_CONVERSION = YES;
				CLANG_WARN_INFINITE_RECURSION = YES;
				CLANG_WARN_INT_CONVERSION = YES;
				CLANG_WARN_NON_LITERAL_NULL_CONVERSION = YES;
				CLANG_WARN_OBJC_IMPLICIT_RETAIN_SELF = YES;
				CLANG_WARN_OBJC_LITERAL_CONVERSION = YES;
				CLANG_WARN_OBJC_ROOT_CLASS = YES_ERROR;
				CLANG_WARN_RANGE_LOOP_ANALYSIS = YES;
				CLANG_WARN_STRICT_PROTOTYPES = YES;
				CLANG_WARN_SUSPICIOUS_MOVE = YES;
				CLANG_WARN_UNGUARDED_AVAILABILITY = YES_AGGRESSIVE;
				CLANG_WARN_UNREACHABLE_CODE = YES;
				CLANG_WARN__DUPLICATE_METHOD_MATCH = YES;
				CODE_SIGN_IDENTITY = "Mac Developer";
				COPY_PHASE_STRIP = NO;
				DEBUG_INFORMATION_FORMAT = "dwarf-with-dsym";
				ENABLE_NS_ASSERTIONS = NO;
				ENABLE_STRICT_OBJC_MSGSEND = YES;
				GCC_C_LANGUAGE_STANDARD = gnu11;
				GCC_NO_COMMON_BLOCKS = YES;
				GCC_WARN_64_TO_32_BIT_CONVERSION = YES;
				GCC_WARN_ABOUT_RETURN_TYPE = YES_ERROR;
				GCC_WARN_UNDECLARED_SELECTOR = YES;
				GCC_WARN_UNINITIALIZED_AUTOS = YES_AGGRESSIVE;
				GCC_WARN_UNUSED_FUNCTION = YES;
				GCC_WARN_UNUSED_VARIABLE = YES;
				MACOSX_DEPLOYMENT_TARGET = 10.14;
				MTL_ENABLE_DEBUG_INFO = NO;
				MTL_FAST_MATH = YES;
				SDKROOT = macosx;
				SWIFT_COMPILATION_MODE = wholemodule;
				SWIFT_OPTIMIZATION_LEVEL = "-O";
			};
			name = Release;
		};
		BB17480A212769990015E3A8 /* Debug */ = {
			isa = XCBuildConfiguration;
			baseConfigurationReference = 30AE5CBE9F8F80CFBBBB87EC /* Pods-Mactodon.debug.xcconfig */;
			buildSettings = {
				ASSETCATALOG_COMPILER_APPICON_NAME = AppIcon;
				CODE_SIGN_IDENTITY = "Mac Developer";
				CODE_SIGN_STYLE = Automatic;
				COMBINE_HIDPI_IMAGES = YES;
				DEVELOPMENT_TEAM = ATMW4AU45H;
				INFOPLIST_FILE = Mactodon/Info.plist;
				LD_RUNPATH_SEARCH_PATHS = (
					"$(inherited)",
					"@executable_path/../Frameworks",
				);
				MACOSX_DEPLOYMENT_TARGET = 10.14;
				PRODUCT_BUNDLE_IDENTIFIER = de.343max.Mactodon;
				PRODUCT_NAME = "$(TARGET_NAME)";
				PROVISIONING_PROFILE_SPECIFIER = "";
				SWIFT_VERSION = 4.2;
			};
			name = Debug;
		};
		BB17480B212769990015E3A8 /* Release */ = {
			isa = XCBuildConfiguration;
			baseConfigurationReference = 4D7167C4FE7089E037D1CCB0 /* Pods-Mactodon.release.xcconfig */;
			buildSettings = {
				ASSETCATALOG_COMPILER_APPICON_NAME = AppIcon;
				CODE_SIGN_IDENTITY = "Mac Developer";
				CODE_SIGN_STYLE = Automatic;
				COMBINE_HIDPI_IMAGES = YES;
				DEVELOPMENT_TEAM = ATMW4AU45H;
				INFOPLIST_FILE = Mactodon/Info.plist;
				LD_RUNPATH_SEARCH_PATHS = (
					"$(inherited)",
					"@executable_path/../Frameworks",
				);
				MACOSX_DEPLOYMENT_TARGET = 10.14;
				PRODUCT_BUNDLE_IDENTIFIER = de.343max.Mactodon;
				PRODUCT_NAME = "$(TARGET_NAME)";
				PROVISIONING_PROFILE_SPECIFIER = "";
				SWIFT_VERSION = 4.2;
			};
			name = Release;
		};
		BB17480D212769990015E3A8 /* Debug */ = {
			isa = XCBuildConfiguration;
			baseConfigurationReference = E4D0A8DD2D8407898418A770 /* Pods-MactodonTests.debug.xcconfig */;
			buildSettings = {
				ALWAYS_EMBED_SWIFT_STANDARD_LIBRARIES = YES;
				BUNDLE_LOADER = "$(TEST_HOST)";
				CODE_SIGN_IDENTITY = "Mac Developer";
				CODE_SIGN_STYLE = Automatic;
				COMBINE_HIDPI_IMAGES = YES;
				DEVELOPMENT_TEAM = ATMW4AU45H;
				INFOPLIST_FILE = MactodonTests/Info.plist;
				LD_RUNPATH_SEARCH_PATHS = (
					"$(inherited)",
					"@executable_path/../Frameworks",
					"@loader_path/../Frameworks",
				);
				PRODUCT_BUNDLE_IDENTIFIER = de.343max.MactodonTests;
				PRODUCT_NAME = "$(TARGET_NAME)";
				PROVISIONING_PROFILE_SPECIFIER = "";
				SWIFT_VERSION = 4.2;
				TEST_HOST = "$(BUILT_PRODUCTS_DIR)/Mactodon.app/Contents/MacOS/Mactodon";
			};
			name = Debug;
		};
		BB17480E212769990015E3A8 /* Release */ = {
			isa = XCBuildConfiguration;
			baseConfigurationReference = 803D02693F008DC4C454A224 /* Pods-MactodonTests.release.xcconfig */;
			buildSettings = {
				ALWAYS_EMBED_SWIFT_STANDARD_LIBRARIES = YES;
				BUNDLE_LOADER = "$(TEST_HOST)";
				CODE_SIGN_IDENTITY = "Mac Developer";
				CODE_SIGN_STYLE = Automatic;
				COMBINE_HIDPI_IMAGES = YES;
				DEVELOPMENT_TEAM = ATMW4AU45H;
				INFOPLIST_FILE = MactodonTests/Info.plist;
				LD_RUNPATH_SEARCH_PATHS = (
					"$(inherited)",
					"@executable_path/../Frameworks",
					"@loader_path/../Frameworks",
				);
				PRODUCT_BUNDLE_IDENTIFIER = de.343max.MactodonTests;
				PRODUCT_NAME = "$(TARGET_NAME)";
				PROVISIONING_PROFILE_SPECIFIER = "";
				SWIFT_VERSION = 4.2;
				TEST_HOST = "$(BUILT_PRODUCTS_DIR)/Mactodon.app/Contents/MacOS/Mactodon";
			};
			name = Release;
		};
/* End XCBuildConfiguration section */

/* Begin XCConfigurationList section */
		BB1747E9212769970015E3A8 /* Build configuration list for PBXProject "Mactodon" */ = {
			isa = XCConfigurationList;
			buildConfigurations = (
				BB174807212769990015E3A8 /* Debug */,
				BB174808212769990015E3A8 /* Release */,
			);
			defaultConfigurationIsVisible = 0;
			defaultConfigurationName = Release;
		};
		BB174809212769990015E3A8 /* Build configuration list for PBXNativeTarget "Mactodon" */ = {
			isa = XCConfigurationList;
			buildConfigurations = (
				BB17480A212769990015E3A8 /* Debug */,
				BB17480B212769990015E3A8 /* Release */,
			);
			defaultConfigurationIsVisible = 0;
			defaultConfigurationName = Release;
		};
		BB17480C212769990015E3A8 /* Build configuration list for PBXNativeTarget "MactodonTests" */ = {
			isa = XCConfigurationList;
			buildConfigurations = (
				BB17480D212769990015E3A8 /* Debug */,
				BB17480E212769990015E3A8 /* Release */,
			);
			defaultConfigurationIsVisible = 0;
			defaultConfigurationName = Release;
		};
/* End XCConfigurationList section */
	};
	rootObject = BB1747E6212769970015E3A8 /* Project object */;
}
